
Microsoft Visual Studio Solution File, Format Version 12.00
# Visual Studio Version 17
VisualStudioVersion = 17.13.35828.75 d17.13
MinimumVisualStudioVersion = 10.0.40219.1
Project("{FAE04EC0-301F-11D3-BF4B-00C04F79EFBC}") = "lab7", "lab7\lab7.csproj", "{25C69AE2-5BF1-471E-95EA-DFD0DE08C936}"
EndProject
Global
	GlobalSection(SolutionConfigurationPlatforms) = preSolution
		Debug|Any CPU = Debug|Any CPU
		Release|Any CPU = Release|Any CPU
	EndGlobalSection
	GlobalSection(ProjectConfigurationPlatforms) = postSolution
		{25C69AE2-5BF1-471E-95EA-DFD0DE08C936}.Debug|Any CPU.ActiveCfg = Debug|Any CPU
		{25C69AE2-5BF1-471E-95EA-DFD0DE08C936}.Debug|Any CPU.Build.0 = Debug|Any CPU
		{25C69AE2-5BF1-471E-95EA-DFD0DE08C936}.Release|Any CPU.ActiveCfg = Release|Any CPU
		{25C69AE2-5BF1-471E-95EA-DFD0DE08C936}.Release|Any CPU.Build.0 = Release|Any CPU
	EndGlobalSection
	GlobalSection(SolutionProperties) = preSolution
		HideSolutionNode = FALSE
	EndGlobalSection
	GlobalSection(ExtensibilityGlobals) = postSolution
		SolutionGuid = {3E6175E6-C07D-4B43-BE5F-5872F75B2C8B}
	EndGlobalSection
EndGlobal
